
Microsoft Visual Studio Solution File, Format Version 12.00
# Visual Studio Version 16
VisualStudioVersion = 16.0.36631.11
MinimumVisualStudioVersion = 10.0.40219.1
Project("{FAE04EC0-301F-11D3-BF4B-00C04F79EFBC}") = "ProjectADONetMVC", "ProjectADONetMVC\ProjectADONetMVC.csproj", "{AEE3361F-3482-4993-9A7E-C13337EE999D}"
EndProject
Global
	GlobalSection(SolutionConfigurationPlatforms) = preSolution
		Debug|Any CPU = Debug|Any CPU
		Release|Any CPU = Release|Any CPU
	EndGlobalSection
	GlobalSection(ProjectConfigurationPlatforms) = postSolution
		{AEE3361F-3482-4993-9A7E-C13337EE999D}.Debug|Any CPU.ActiveCfg = Debug|Any CPU
		{AEE3361F-3482-4993-9A7E-C13337EE999D}.Debug|Any CPU.Build.0 = Debug|Any CPU
		{AEE3361F-3482-4993-9A7E-C13337EE999D}.Release|Any CPU.ActiveCfg = Release|Any CPU
		{AEE3361F-3482-4993-9A7E-C13337EE999D}.Release|Any CPU.Build.0 = Release|Any CPU
	EndGlobalSection
	GlobalSection(SolutionProperties) = preSolution
		HideSolutionNode = FALSE
	EndGlobalSection
	GlobalSection(ExtensibilityGlobals) = postSolution
		SolutionGuid = {64A1BEFD-272E-46FB-A69B-EAD22C48B765}
	EndGlobalSection
EndGlobal
